# @generated by Move, please check-in and do not edit manually.

[move]
version = 3
manifest_digest = "504C8C35423ACE2D20BAA13A4FA3D9AAF5EC307C820F5455EE49D9EBE6FC009F"
deps_digest = "F8BBB0CCB2491CA29A3DF03D6F92277A4F3574266507ACD77214D37ECA3F3082"
dependencies = [
  { id = "Sui", name = "Sui" },
]

[[move.package]]
id = "MoveStdlib"
source = { git = "https://github.com/MystenLabs/sui.git", rev = "framework/testnet", subdir = "crates/sui-framework/packages/move-stdlib" }

[[move.package]]
id = "Sui"
source = { git = "https://github.com/MystenLabs/sui.git", rev = "framework/testnet", subdir = "crates/sui-framework/packages/sui-framework" }

dependencies = [
  { id = "MoveStdlib", name = "MoveStdlib" },
]

[move.toolchain-version]
compiler-version = "1.40.3"
edition = "2024.beta"
flavor = "sui"

[env]

[env.devnet]
chain-id = "7f81d47e"
original-published-id = "0xd5514bfc9831a3ebf3a72ac55de5abf451eb43883a790fd503e5f9c643bb07cc"
latest-published-id = "0xd5514bfc9831a3ebf3a72ac55de5abf451eb43883a790fd503e5f9c643bb07cc"
published-version = "1"
